
Microsoft Visual Studio Solution File, Format Version 12.00
# Visual Studio Version 17
VisualStudioVersion = 17.3.32929.385
MinimumVisualStudioVersion = 10.0.40219.1
Project("{FAE04EC0-301F-11D3-BF4B-00C04F79EFBC}") = "BenzersizRastgeleSayilar", "BenzersizRastgeleSayilar\BenzersizRastgeleSayilar.csproj", "{84FFE0DB-6FBA-49DA-B811-F89DE0C6B603}"
EndProject
Global
	GlobalSection(SolutionConfigurationPlatforms) = preSolution
		Debug|Any CPU = Debug|Any CPU
		Release|Any CPU = Release|Any CPU
	EndGlobalSection
	GlobalSection(ProjectConfigurationPlatforms) = postSolution
		{84FFE0DB-6FBA-49DA-B811-F89DE0C6B603}.Debug|Any CPU.ActiveCfg = Debug|Any CPU
		{84FFE0DB-6FBA-49DA-B811-F89DE0C6B603}.Debug|Any CPU.Build.0 = Debug|Any CPU
		{84FFE0DB-6FBA-49DA-B811-F89DE0C6B603}.Release|Any CPU.ActiveCfg = Release|Any CPU
		{84FFE0DB-6FBA-49DA-B811-F89DE0C6B603}.Release|Any CPU.Build.0 = Release|Any CPU
	EndGlobalSection
	GlobalSection(SolutionProperties) = preSolution
		HideSolutionNode = FALSE
	EndGlobalSection
	GlobalSection(ExtensibilityGlobals) = postSolution
		SolutionGuid = {72C1F372-D90E-44E2-AD4A-69E6E4488A25}
	EndGlobalSection
EndGlobal
